# This file is automatically @generated by Cargo.
# It is not intended for manual editing.
version = 3

[[package]]
name = "adler"
version = "1.0.2"
source = "registry+https://github.com/rust-lang/crates.io-index"
checksum = "f26201604c87b1e01bd3d98f8d5d9a8fcbb815e8cedb41ffccbeb4bf593a35fe"

[[package]]
name = "aho-corasick"
version = "0.7.19"
source = "registry+https://github.com/rust-lang/crates.io-index"
checksum = "b4f55bd91a0978cbfd91c457a164bab8b4001c833b7f323132c0a4e1922dd44e"
dependencies = [
 "memchr",
]

[[package]]
name = "anyhow"
version = "1.0.42"
source = "registry+https://github.com/rust-lang/crates.io-index"
checksum = "595d3cfa7a60d4555cb5067b99f07142a08ea778de5cf993f7b75c7d8fabc486"

[[package]]
name = "autocfg"
version = "1.1.0"
source = "registry+https://github.com/rust-lang/crates.io-index"
checksum = "d468802bab17cbc0cc575e9b053f41e72aa36bfa6b7f55e3529ffa43161b97fa"

[[package]]
name = "bit-vec"
version = "0.6.3"
source = "registry+https://github.com/rust-lang/crates.io-index"
checksum = "349f9b6a179ed607305526ca489b34ad0a41aed5f7980fa90eb03160b69598fb"

[[package]]
name = "bitflags"
version = "1.3.2"
source = "registry+https://github.com/rust-lang/crates.io-index"
checksum = "bef38d45163c2f1dde094a7dfd33ccf595c92905c8f8f4fdc18d06fb1037718a"

[[package]]
name = "blake2b-ref"
version = "0.2.1"
source = "registry+https://github.com/rust-lang/crates.io-index"
checksum = "95916998c798756098a4eb1b3f2cd510659705a9817bf203d61abd30fbec3e7b"

[[package]]
name = "blake2b-rs"
version = "0.2.0"
source = "registry+https://github.com/rust-lang/crates.io-index"
checksum = "a89a8565807f21b913288968e391819e7f9b2f0f46c7b89549c051cccf3a2771"
dependencies = [
 "cc",
 "cty",
]

[[package]]
name = "bumpalo"
version = "3.7.0"
source = "registry+https://github.com/rust-lang/crates.io-index"
checksum = "9c59e7af012c713f529e7a3ee57ce9b31ddd858d4b512923602f74608b009631"

[[package]]
name = "byteorder"
version = "1.4.3"
source = "registry+https://github.com/rust-lang/crates.io-index"
checksum = "14c189c53d098945499cdfa7ecc63567cf3886b3332b312a5b4585d8d3a6a610"

[[package]]
name = "bytes"
version = "1.0.1"
source = "registry+https://github.com/rust-lang/crates.io-index"
checksum = "b700ce4376041dcd0a327fd0097c41095743c4c8af8887265942faf1100bd040"
dependencies = [
 "serde",
]

[[package]]
name = "cc"
version = "1.0.69"
source = "registry+https://github.com/rust-lang/crates.io-index"
checksum = "e70cc2f62c6ce1868963827bd677764c62d07c3d9a3e1fb1177ee1a9ab199eb2"

[[package]]
name = "cfg-if"
version = "0.1.10"
source = "registry+https://github.com/rust-lang/crates.io-index"
checksum = "4785bdd1c96b2a846b2bd7cc02e86b6b3dbf14e7e53446c4f54c92a361040822"

[[package]]
name = "cfg-if"
version = "1.0.0"
source = "registry+https://github.com/rust-lang/crates.io-index"
checksum = "baf1de4339761588bc0619e3cbc0120ee582ebb74b53b4efbf79117bd2da40fd"

[[package]]
name = "ckb-chain-spec"
version = "0.105.1"
source = "registry+https://github.com/rust-lang/crates.io-index"
checksum = "2f0f0606bce9ccbde520465890486807a0ac2fcba3e60d37df54a2d0be071725"
dependencies = [
 "ckb-constant",
 "ckb-crypto",
 "ckb-dao-utils",
 "ckb-error",
 "ckb-hash",
 "ckb-jsonrpc-types",
 "ckb-pow",
 "ckb-rational",
 "ckb-resource",
 "ckb-traits",
 "ckb-types",
 "ckb-util",
 "serde",
 "toml",
]

[[package]]
name = "ckb-channel"
version = "0.105.1"
source = "registry+https://github.com/rust-lang/crates.io-index"
checksum = "5f0da1f4e474de48b05e30ad603da4da3b410344b619c7cf35d444e406c0bb6e"
dependencies = [
 "crossbeam-channel",
]

[[package]]
name = "ckb-constant"
version = "0.105.1"
source = "registry+https://github.com/rust-lang/crates.io-index"
checksum = "8a6df9fd997d58f1e5f12a683a00d98158a82c07a422e6f81ff390607f19c493"

[[package]]
name = "ckb-crypto"
version = "0.105.1"
source = "registry+https://github.com/rust-lang/crates.io-index"
checksum = "1650275e0f5a59e8ebbd747d835e10b9179d8ab4941b96100d5b7e48fada695e"
dependencies = [
 "ckb-fixed-hash",
 "faster-hex 0.6.0",
 "lazy_static",
 "rand",
 "secp256k1",
 "thiserror",
]

[[package]]
name = "ckb-dao-utils"
version = "0.105.1"
source = "registry+https://github.com/rust-lang/crates.io-index"
checksum = "b294c46e06c315900c9eb4e5719311902d68fcad6c802f43ebc658902715b5ea"
dependencies = [
 "byteorder",
 "ckb-error",
 "ckb-types",
]

[[package]]
name = "ckb-error"
version = "0.105.1"
source = "registry+https://github.com/rust-lang/crates.io-index"
checksum = "51748ac5e08dce6c685cf4b43e27dcbcfc98e21442c4001c9f06509a04a400ed"
dependencies = [
 "anyhow",
 "ckb-occupied-capacity",
 "derive_more",
 "thiserror",
]

[[package]]
name = "ckb-fixed-hash"
version = "0.105.1"
source = "registry+https://github.com/rust-lang/crates.io-index"
checksum = "b3d665013dbb8ff2df8e67c4add67db703ae3b642679f1a2962f76399703eee1"
dependencies = [
 "ckb-fixed-hash-core",
 "ckb-fixed-hash-macros",
]

[[package]]
name = "ckb-fixed-hash-core"
version = "0.105.1"
source = "registry+https://github.com/rust-lang/crates.io-index"
checksum = "dd92b9d691bbfd11a900ee17ad1010a553ae0b5d3a120e0c8094afcd30f9b15e"
dependencies = [
 "faster-hex 0.6.0",
 "serde",
 "thiserror",
]

[[package]]
name = "ckb-fixed-hash-macros"
version = "0.105.1"
source = "registry+https://github.com/rust-lang/crates.io-index"
checksum = "f24e42b82da4d891ac8b5b19de2807cae360c5377138a7cde377b60edc6ec953"
dependencies = [
 "ckb-fixed-hash-core",
 "proc-macro2",
 "quote",
 "syn",
]

[[package]]
name = "ckb-hash"
version = "0.105.1"
source = "registry+https://github.com/rust-lang/crates.io-index"
checksum = "c6b64eff869839aff45741515540e81a0447926d79262a439b5e9d0a5c98ac95"
dependencies = [
 "blake2b-ref",
 "blake2b-rs",
]

[[package]]
name = "ckb-jsonrpc-types"
version = "0.105.1"
source = "registry+https://github.com/rust-lang/crates.io-index"
checksum = "82268ddea09f95324496d6def1b37d6bdc3a4841fecc185388e7a2bb6451687f"
dependencies = [
 "ckb-types",
 "faster-hex 0.6.0",
 "serde",
 "serde_json",
]

[[package]]
name = "ckb-merkle-mountain-range"
version = "0.5.2"
source = "registry+https://github.com/rust-lang/crates.io-index"
checksum = "56ccb671c5921be8a84686e6212ca184cb1d7c51cadcdbfcbd1cc3f042f5dfb8"
dependencies = [
 "cfg-if 1.0.0",
]

[[package]]
name = "ckb-mock-tx-types"
version = "0.105.1"
source = "registry+https://github.com/rust-lang/crates.io-index"
checksum = "c73574949df81ecd84b5366992f1ab61d2a4e8dc905dabb58468b785fa90b22d"
dependencies = [
 "ckb-jsonrpc-types",
 "ckb-traits",
 "ckb-types",
 "serde",
 "serde_derive",
]

[[package]]
name = "ckb-occupied-capacity"
version = "0.105.1"
source = "registry+https://github.com/rust-lang/crates.io-index"
checksum = "a11e010c034a98b734074a79655c738c40501e9113426173132856a35c6e71c6"
dependencies = [
 "ckb-occupied-capacity-core",
 "ckb-occupied-capacity-macros",
]

[[package]]
name = "ckb-occupied-capacity-core"
version = "0.105.1"
source = "registry+https://github.com/rust-lang/crates.io-index"
checksum = "03e48f0306a3fe072711e0342b71335898ac6d0a82b897ca3ae13e43770ce0e0"
dependencies = [
 "serde",
]

[[package]]
name = "ckb-occupied-capacity-macros"
version = "0.105.1"
source = "registry+https://github.com/rust-lang/crates.io-index"
checksum = "656db5615c791b8d7b31a38e024f98fb497be5e2cb120b38be48eb4d9d1d0f6d"
dependencies = [
 "ckb-occupied-capacity-core",
 "quote",
 "syn",
]

[[package]]
name = "ckb-pow"
version = "0.105.1"
source = "registry+https://github.com/rust-lang/crates.io-index"
checksum = "9708f81c8c9058bf3dab834be2be68d14dcd9fa41bd793727428a2cf6b1ddf59"
dependencies = [
 "byteorder",
 "ckb-hash",
 "ckb-types",
 "eaglesong",
 "log",
 "serde",
]

[[package]]
name = "ckb-rational"
version = "0.105.1"
source = "registry+https://github.com/rust-lang/crates.io-index"
checksum = "444926bc5a9ad789b2b98e75f90330bcfe741bab517ca45d8f084449fe35efd8"
dependencies = [
 "numext-fixed-uint",
 "serde",
]

[[package]]
name = "ckb-resource"
version = "0.105.1"
source = "registry+https://github.com/rust-lang/crates.io-index"
checksum = "95464c0e69e20553f34c132789f6275a1e06468362226cf5a986719f6da96161"
dependencies = [
 "ckb-system-scripts",
 "ckb-types",
 "includedir",
 "includedir_codegen",
 "phf",
 "serde",
 "walkdir",
]

[[package]]
name = "ckb-script"
version = "0.105.1"
source = "registry+https://github.com/rust-lang/crates.io-index"
checksum = "2f06c44207d8e90b86f2b29f2341188a6d1a3520f6b657eb2ba662b3a772abfc"
dependencies = [
 "byteorder",
 "ckb-chain-spec",
 "ckb-error",
 "ckb-hash",
 "ckb-traits",
 "ckb-types",
 "ckb-vm",
 "faster-hex 0.6.0",
 "serde",
]

[[package]]
name = "ckb-standalone-debugger"
version = "0.105.1"
dependencies = [
 "byteorder",
 "ckb-chain-spec",
 "ckb-error",
 "ckb-mock-tx-types",
 "ckb-script",
 "ckb-types",
 "faster-hex 0.4.1",
 "js-sys",
 "serde",
 "serde_derive",
 "serde_json",
 "serde_plain",
 "wasm-bindgen",
]

[[package]]
name = "ckb-system-scripts"
version = "0.5.4"
source = "registry+https://github.com/rust-lang/crates.io-index"
checksum = "fa5c59063142de7a68cfad4449c6b3863563856219a2925dfb8c5f019ec2aa47"
dependencies = [
 "blake2b-rs",
 "faster-hex 0.6.0",
 "includedir",
 "includedir_codegen",
 "phf",
]

[[package]]
name = "ckb-traits"
version = "0.105.1"
source = "registry+https://github.com/rust-lang/crates.io-index"
checksum = "6d54a03a03af9857264cc252060f4274e11858956a4985793b04047117828329"
dependencies = [
 "ckb-types",
]

[[package]]
name = "ckb-types"
version = "0.105.1"
source = "registry+https://github.com/rust-lang/crates.io-index"
checksum = "f06812497491fa58cea1c93dda2de074e0c5d51cf7d70d93dd50c862c661494c"
dependencies = [
 "bit-vec",
 "bytes",
 "ckb-channel",
 "ckb-error",
 "ckb-fixed-hash",
 "ckb-hash",
 "ckb-merkle-mountain-range",
 "ckb-occupied-capacity",
 "ckb-rational",
 "derive_more",
 "merkle-cbt",
 "molecule",
 "numext-fixed-uint",
 "once_cell",
]

[[package]]
name = "ckb-util"
version = "0.105.1"
source = "registry+https://github.com/rust-lang/crates.io-index"
checksum = "2c0f4f5647372cc1c2fdc7122e062984754e062edbcc654436a1af7f5b1382a0"
dependencies = [
 "linked-hash-map",
 "once_cell",
 "parking_lot",
 "regex",
]

[[package]]
name = "ckb-vm"
version = "0.22.0"
source = "registry+https://github.com/rust-lang/crates.io-index"
checksum = "0f1126bf0240d100234bc06efa7020f0d50ca35fe90e5ac7cac1b7721e1bacb7"
dependencies = [
 "byteorder",
 "bytes",
 "cc",
 "ckb-vm-definitions",
 "derive_more",
 "goblin 0.2.3",
 "goblin 0.4.0",
 "rand",
 "scroll",
 "serde",
]

[[package]]
name = "ckb-vm-definitions"
version = "0.22.0"
source = "registry+https://github.com/rust-lang/crates.io-index"
checksum = "14739bf59648c169de9257ec7dd6aba1aeb6a41725d636005f1c91853df58fcc"

[[package]]
name = "convert_case"
version = "0.4.0"
source = "registry+https://github.com/rust-lang/crates.io-index"
checksum = "6245d59a3e82a7fc217c5828a6692dbc6dfb63a0c8c90495621f7b9d79704a0e"

[[package]]
name = "crc32fast"
version = "1.2.1"
source = "registry+https://github.com/rust-lang/crates.io-index"
checksum = "81156fece84ab6a9f2afdb109ce3ae577e42b1228441eded99bd77f627953b1a"
dependencies = [
 "cfg-if 1.0.0",
]

[[package]]
name = "crossbeam-channel"
version = "0.5.1"
source = "registry+https://github.com/rust-lang/crates.io-index"
checksum = "06ed27e177f16d65f0f0c22a213e17c696ace5dd64b14258b52f9417ccb52db4"
dependencies = [
 "cfg-if 1.0.0",
 "crossbeam-utils",
]

[[package]]
name = "crossbeam-utils"
version = "0.8.8"
source = "registry+https://github.com/rust-lang/crates.io-index"
checksum = "0bf124c720b7686e3c2663cf54062ab0f68a88af2fb6a030e87e30bf721fcb38"
dependencies = [
 "cfg-if 1.0.0",
 "lazy_static",
]

[[package]]
name = "cty"
version = "0.2.2"
source = "registry+https://github.com/rust-lang/crates.io-index"
checksum = "b365fabc795046672053e29c954733ec3b05e4be654ab130fe8f1f94d7051f35"

[[package]]
name = "derive_more"
version = "0.99.16"
source = "registry+https://github.com/rust-lang/crates.io-index"
checksum = "40eebddd2156ce1bb37b20bbe5151340a31828b1f2d22ba4141f3531710e38df"
dependencies = [
 "convert_case",
 "proc-macro2",
 "quote",
 "rustc_version",
 "syn",
]

[[package]]
name = "eaglesong"
version = "0.1.0"
source = "registry+https://github.com/rust-lang/crates.io-index"
checksum = "8d978bd5d343e8ab9b5c0fc8d93ff9c602fdc96616ffff9c05ac7a155419b824"

[[package]]
name = "faster-hex"
version = "0.4.1"
source = "registry+https://github.com/rust-lang/crates.io-index"
checksum = "348138dd23e03bb0018caef99647fb1a5befec5ff4b501991de88f09854d4c28"

[[package]]
name = "faster-hex"
version = "0.6.0"
source = "registry+https://github.com/rust-lang/crates.io-index"
checksum = "b02a61fea82de8484f9d7ce99b698b0e190ef8de71035690a961a43d7b18a2ad"

[[package]]
name = "flate2"
version = "1.0.20"
source = "registry+https://github.com/rust-lang/crates.io-index"
checksum = "cd3aec53de10fe96d7d8c565eb17f2c687bb5518a2ec453b5b1252964526abe0"
dependencies = [
 "cfg-if 1.0.0",
 "crc32fast",
 "libc",
 "miniz_oxide",
]

[[package]]
name = "getrandom"
version = "0.1.16"
source = "registry+https://github.com/rust-lang/crates.io-index"
checksum = "8fc3cb4d91f53b50155bdcfd23f6a4c39ae1969c2ae85982b135750cccaf5fce"
dependencies = [
 "cfg-if 1.0.0",
 "libc",
 "wasi",
]

[[package]]
name = "goblin"
version = "0.2.3"
source = "registry+https://github.com/rust-lang/crates.io-index"
checksum = "d20fd25aa456527ce4f544271ae4fea65d2eda4a6561ea56f39fb3ee4f7e3884"
dependencies = [
 "log",
 "plain",
 "scroll",
]

[[package]]
name = "goblin"
version = "0.4.0"
source = "registry+https://github.com/rust-lang/crates.io-index"
checksum = "532a09cd3df2c6bbfc795fb0434bff8f22255d1d07328180e918a2e6ce122d4d"
dependencies = [
 "log",
 "plain",
 "scroll",
]

[[package]]
name = "heapsize"
version = "0.4.2"
source = "registry+https://github.com/rust-lang/crates.io-index"
checksum = "1679e6ea370dee694f91f1dc469bf94cf8f52051d147aec3e1f9497c6fc22461"
dependencies = [
 "winapi",
]

[[package]]
name = "includedir"
version = "0.6.0"
source = "registry+https://github.com/rust-lang/crates.io-index"
checksum = "afd126bd778c00c43a9dc76d1609a0894bf4222088088b2217ccc0ce9e816db7"
dependencies = [
 "flate2",
 "phf",
]

[[package]]
name = "includedir_codegen"
version = "0.6.0"
source = "registry+https://github.com/rust-lang/crates.io-index"
checksum = "0ac1500c9780957c9808c4ec3b94002f35aab01483833f5a8bce7dfb243e3148"
dependencies = [
 "flate2",
 "phf_codegen",
 "walkdir",
]

[[package]]
name = "itoa"
version = "0.4.7"
source = "registry+https://github.com/rust-lang/crates.io-index"
checksum = "dd25036021b0de88a0aff6b850051563c6516d0bf53f8638938edbb9de732736"

[[package]]
name = "js-sys"
version = "0.3.52"
source = "registry+https://github.com/rust-lang/crates.io-index"
checksum = "ce791b7ca6638aae45be056e068fc756d871eb3b3b10b8efa62d1c9cec616752"
dependencies = [
 "wasm-bindgen",
]

[[package]]
name = "lazy_static"
version = "1.4.0"
source = "registry+https://github.com/rust-lang/crates.io-index"
checksum = "e2abad23fbc42b3700f2f279844dc832adb2b2eb069b2df918f455c4e18cc646"

[[package]]
name = "libc"
version = "0.2.99"
source = "registry+https://github.com/rust-lang/crates.io-index"
checksum = "a7f823d141fe0a24df1e23b4af4e3c7ba9e5966ec514ea068c93024aa7deb765"

[[package]]
name = "linked-hash-map"
version = "0.5.6"
source = "registry+https://github.com/rust-lang/crates.io-index"
checksum = "0717cef1bc8b636c6e1c1bbdefc09e6322da8a9321966e8928ef80d20f7f770f"
dependencies = [
 "serde",
]

[[package]]
name = "lock_api"
version = "0.4.9"
source = "registry+https://github.com/rust-lang/crates.io-index"
checksum = "435011366fe56583b16cf956f9df0095b405b82d76425bc8981c0e22e60ec4df"
dependencies = [
 "autocfg",
 "scopeguard",
]

[[package]]
name = "log"
version = "0.4.14"
source = "registry+https://github.com/rust-lang/crates.io-index"
checksum = "51b9bbe6c47d51fc3e1a9b945965946b4c44142ab8792c50835a980d362c2710"
dependencies = [
 "cfg-if 1.0.0",
]

[[package]]
name = "memchr"
version = "2.5.0"
source = "registry+https://github.com/rust-lang/crates.io-index"
checksum = "2dffe52ecf27772e601905b7522cb4ef790d2cc203488bbd0e2fe85fcb74566d"

[[package]]
name = "merkle-cbt"
version = "0.3.0"
source = "registry+https://github.com/rust-lang/crates.io-index"
checksum = "6f1ac8428ec02d6caa5a79c15e851d84d5dc7a00df0429a8aa860d104f0a81be"
dependencies = [
 "cfg-if 0.1.10",
]

[[package]]
name = "miniz_oxide"
version = "0.4.4"
source = "registry+https://github.com/rust-lang/crates.io-index"
checksum = "a92518e98c078586bc6c934028adcca4c92a53d6a958196de835170a01d84e4b"
dependencies = [
 "adler",
 "autocfg",
]

[[package]]
name = "molecule"
version = "0.7.3"
source = "registry+https://github.com/rust-lang/crates.io-index"
checksum = "edc8276c02a006bddad7d1c28c1a88f30421e1b5f0ba0ca96ceb8077c7d20c01"
dependencies = [
 "bytes",
 "cfg-if 1.0.0",
 "faster-hex 0.6.0",
]

[[package]]
name = "numext-constructor"
version = "0.1.6"
source = "registry+https://github.com/rust-lang/crates.io-index"
checksum = "621fe0f044729f810c6815cdd77e8f5e0cd803ce4f6a38380ebfc1322af98661"
dependencies = [
 "proc-macro2",
 "quote",
 "syn",
]

[[package]]
name = "numext-fixed-uint"
version = "0.1.6"
source = "registry+https://github.com/rust-lang/crates.io-index"
checksum = "6c68c76f96d589d1009a666c5072f37f3114d682696505f2cf445f27766c7d70"
dependencies = [
 "numext-fixed-uint-core",
 "numext-fixed-uint-hack",
]

[[package]]
name = "numext-fixed-uint-core"
version = "0.1.6"
source = "registry+https://github.com/rust-lang/crates.io-index"
checksum = "6aab1d6457b97b49482f22a92f0f58a2f39bdd7f3b2f977eae67e8bc206aa980"
dependencies = [
 "heapsize",
 "numext-constructor",
 "rand",
 "serde",
 "thiserror",
]

[[package]]
name = "numext-fixed-uint-hack"
version = "0.1.6"
source = "registry+https://github.com/rust-lang/crates.io-index"
checksum = "0200f8d55c36ec1b6a8cf810115be85d4814f045e0097dfd50033ba25adb4c9e"
dependencies = [
 "numext-fixed-uint-core",
 "proc-macro2",
 "quote",
 "syn",
]

[[package]]
name = "once_cell"
version = "1.8.0"
source = "registry+https://github.com/rust-lang/crates.io-index"
checksum = "692fcb63b64b1758029e0a96ee63e049ce8c5948587f2f7208df04625e5f6b56"

[[package]]
name = "parking_lot"
version = "0.12.1"
source = "registry+https://github.com/rust-lang/crates.io-index"
checksum = "3742b2c103b9f06bc9fff0a37ff4912935851bee6d36f3c02bcc755bcfec228f"
dependencies = [
 "lock_api",
 "parking_lot_core",
]

[[package]]
name = "parking_lot_core"
version = "0.9.4"
source = "registry+https://github.com/rust-lang/crates.io-index"
checksum = "4dc9e0dc2adc1c69d09143aff38d3d30c5c3f0df0dad82e6d25547af174ebec0"
dependencies = [
 "cfg-if 1.0.0",
 "libc",
 "redox_syscall",
 "smallvec",
 "windows-sys",
]

[[package]]
name = "pest"
version = "2.1.3"
source = "registry+https://github.com/rust-lang/crates.io-index"
checksum = "10f4872ae94d7b90ae48754df22fd42ad52ce740b8f370b03da4835417403e53"
dependencies = [
 "ucd-trie",
]

[[package]]
name = "phf"
version = "0.8.0"
source = "registry+https://github.com/rust-lang/crates.io-index"
checksum = "3dfb61232e34fcb633f43d12c58f83c1df82962dcdfa565a4e866ffc17dafe12"
dependencies = [
 "phf_shared",
]

[[package]]
name = "phf_codegen"
version = "0.8.0"
source = "registry+https://github.com/rust-lang/crates.io-index"
checksum = "cbffee61585b0411840d3ece935cce9cb6321f01c45477d30066498cd5e1a815"
dependencies = [
 "phf_generator",
 "phf_shared",
]

[[package]]
name = "phf_generator"
version = "0.8.0"
source = "registry+https://github.com/rust-lang/crates.io-index"
checksum = "17367f0cc86f2d25802b2c26ee58a7b23faeccf78a396094c13dced0d0182526"
dependencies = [
 "phf_shared",
 "rand",
]

[[package]]
name = "phf_shared"
version = "0.8.0"
source = "registry+https://github.com/rust-lang/crates.io-index"
checksum = "c00cf8b9eafe68dde5e9eaa2cef8ee84a9336a47d566ec55ca16589633b65af7"
dependencies = [
 "siphasher",
]

[[package]]
name = "plain"
version = "0.2.3"
source = "registry+https://github.com/rust-lang/crates.io-index"
checksum = "b4596b6d070b27117e987119b4dac604f3c58cfb0b191112e24771b2faeac1a6"

[[package]]
name = "ppv-lite86"
version = "0.2.10"
source = "registry+https://github.com/rust-lang/crates.io-index"
checksum = "ac74c624d6b2d21f425f752262f42188365d7b8ff1aff74c82e45136510a4857"

[[package]]
name = "proc-macro2"
version = "1.0.28"
source = "registry+https://github.com/rust-lang/crates.io-index"
checksum = "5c7ed8b8c7b886ea3ed7dde405212185f423ab44682667c8c6dd14aa1d9f6612"
dependencies = [
 "unicode-xid",
]

[[package]]
name = "quote"
version = "1.0.9"
source = "registry+https://github.com/rust-lang/crates.io-index"
checksum = "c3d0b9745dc2debf507c8422de05d7226cc1f0644216dfdfead988f9b1ab32a7"
dependencies = [
 "proc-macro2",
]

[[package]]
name = "rand"
version = "0.7.3"
source = "registry+https://github.com/rust-lang/crates.io-index"
checksum = "6a6b1679d49b24bbfe0c803429aa1874472f50d9b363131f0e89fc356b544d03"
dependencies = [
 "getrandom",
 "libc",
 "rand_chacha",
 "rand_core",
 "rand_hc",
 "rand_pcg",
]

[[package]]
name = "rand_chacha"
version = "0.2.2"
source = "registry+https://github.com/rust-lang/crates.io-index"
checksum = "f4c8ed856279c9737206bf725bf36935d8666ead7aa69b52be55af369d193402"
dependencies = [
 "ppv-lite86",
 "rand_core",
]

[[package]]
name = "rand_core"
version = "0.5.1"
source = "registry+https://github.com/rust-lang/crates.io-index"
checksum = "90bde5296fc891b0cef12a6d03ddccc162ce7b2aff54160af9338f8d40df6d19"
dependencies = [
 "getrandom",
]

[[package]]
name = "rand_hc"
version = "0.2.0"
source = "registry+https://github.com/rust-lang/crates.io-index"
checksum = "ca3129af7b92a17112d59ad498c6f81eaf463253766b90396d39ea7a39d6613c"
dependencies = [
 "rand_core",
]

[[package]]
name = "rand_pcg"
version = "0.2.1"
source = "registry+https://github.com/rust-lang/crates.io-index"
checksum = "16abd0c1b639e9eb4d7c50c0b8100b0d0f849be2349829c740fe8e6eb4816429"
dependencies = [
 "rand_core",
]

[[package]]
name = "redox_syscall"
version = "0.2.16"
source = "registry+https://github.com/rust-lang/crates.io-index"
checksum = "fb5a58c1855b4b6819d59012155603f0b22ad30cad752600aadfcb695265519a"
dependencies = [
 "bitflags",
]

[[package]]
name = "regex"
version = "1.6.0"
source = "registry+https://github.com/rust-lang/crates.io-index"
checksum = "4c4eb3267174b8c6c2f654116623910a0fef09c4753f8dd83db29c48a0df988b"
dependencies = [
 "aho-corasick",
 "memchr",
 "regex-syntax",
]

[[package]]
name = "regex-syntax"
version = "0.6.27"
source = "registry+https://github.com/rust-lang/crates.io-index"
checksum = "a3f87b73ce11b1619a3c6332f45341e0047173771e8b8b73f87bfeefb7b56244"

[[package]]
name = "rustc_version"
version = "0.3.3"
source = "registry+https://github.com/rust-lang/crates.io-index"
checksum = "f0dfe2087c51c460008730de8b57e6a320782fbfb312e1f4d520e6c6fae155ee"
dependencies = [
 "semver",
]

[[package]]
name = "ryu"
version = "1.0.5"
source = "registry+https://github.com/rust-lang/crates.io-index"
checksum = "71d301d4193d031abdd79ff7e3dd721168a9572ef3fe51a1517aba235bd8f86e"

[[package]]
name = "same-file"
version = "1.0.6"
source = "registry+https://github.com/rust-lang/crates.io-index"
checksum = "93fc1dc3aaa9bfed95e02e6eadabb4baf7e3078b0bd1b4d7b6b0b68378900502"
dependencies = [
 "winapi-util",
]

[[package]]
name = "scopeguard"
version = "1.1.0"
source = "registry+https://github.com/rust-lang/crates.io-index"
checksum = "d29ab0c6d3fc0ee92fe66e2d99f700eab17a8d57d1c1d3b748380fb20baa78cd"

[[package]]
name = "scroll"
version = "0.10.2"
source = "registry+https://github.com/rust-lang/crates.io-index"
checksum = "fda28d4b4830b807a8b43f7b0e6b5df875311b3e7621d84577188c175b6ec1ec"
dependencies = [
 "scroll_derive",
]

[[package]]
name = "scroll_derive"
version = "0.10.5"
source = "registry+https://github.com/rust-lang/crates.io-index"
checksum = "aaaae8f38bb311444cfb7f1979af0bc9240d95795f75f9ceddf6a59b79ceffa0"
dependencies = [
 "proc-macro2",
 "quote",
 "syn",
]

[[package]]
name = "secp256k1"
version = "0.24.1"
source = "registry+https://github.com/rust-lang/crates.io-index"
checksum = "ff55dc09d460954e9ef2fa8a7ced735a964be9981fd50e870b2b3b0705e14964"
dependencies = [
 "secp256k1-sys",
]

[[package]]
name = "secp256k1-sys"
version = "0.6.1"
source = "registry+https://github.com/rust-lang/crates.io-index"
checksum = "83080e2c2fc1006e625be82e5d1eb6a43b7fd9578b617fcc55814daf286bba4b"
dependencies = [
 "cc",
]

[[package]]
name = "semver"
version = "0.11.0"
source = "registry+https://github.com/rust-lang/crates.io-index"
checksum = "f301af10236f6df4160f7c3f04eec6dbc70ace82d23326abad5edee88801c6b6"
dependencies = [
 "semver-parser",
]

[[package]]
name = "semver-parser"
version = "0.10.2"
source = "registry+https://github.com/rust-lang/crates.io-index"
checksum = "00b0bef5b7f9e0df16536d3961cfb6e84331c065b4066afb39768d0e319411f7"
dependencies = [
 "pest",
]

[[package]]
name = "serde"
version = "1.0.127"
source = "registry+https://github.com/rust-lang/crates.io-index"
checksum = "f03b9878abf6d14e6779d3f24f07b2cfa90352cfec4acc5aab8f1ac7f146fae8"
dependencies = [
 "serde_derive",
]

[[package]]
name = "serde_derive"
version = "1.0.127"
source = "registry+https://github.com/rust-lang/crates.io-index"
checksum = "a024926d3432516606328597e0f224a51355a493b49fdd67e9209187cbe55ecc"
dependencies = [
 "proc-macro2",
 "quote",
 "syn",
]

[[package]]
name = "serde_json"
version = "1.0.66"
source = "registry+https://github.com/rust-lang/crates.io-index"
checksum = "336b10da19a12ad094b59d870ebde26a45402e5b470add4b5fd03c5048a32127"
dependencies = [
 "itoa",
 "ryu",
 "serde",
]

[[package]]
name = "serde_plain"
version = "0.3.0"
source = "registry+https://github.com/rust-lang/crates.io-index"
checksum = "625fb0da2b006092b426a94acc1611bec52f2ec27bb27b266a9f93c29ee38eda"
dependencies = [
 "serde",
]

[[package]]
name = "siphasher"
version = "0.3.7"
source = "registry+https://github.com/rust-lang/crates.io-index"
checksum = "533494a8f9b724d33625ab53c6c4800f7cc445895924a8ef649222dcb76e938b"

[[package]]
name = "smallvec"
version = "1.10.0"
source = "registry+https://github.com/rust-lang/crates.io-index"
checksum = "a507befe795404456341dfab10cef66ead4c041f62b8b11bbb92bffe5d0953e0"

[[package]]
name = "syn"
version = "1.0.74"
source = "registry+https://github.com/rust-lang/crates.io-index"
checksum = "1873d832550d4588c3dbc20f01361ab00bfe741048f71e3fecf145a7cc18b29c"
dependencies = [
 "proc-macro2",
 "quote",
 "unicode-xid",
]

[[package]]
name = "thiserror"
version = "1.0.26"
source = "registry+https://github.com/rust-lang/crates.io-index"
checksum = "93119e4feac1cbe6c798c34d3a53ea0026b0b1de6a120deef895137c0529bfe2"
dependencies = [
 "thiserror-impl",
]

[[package]]
name = "thiserror-impl"
version = "1.0.26"
source = "registry+https://github.com/rust-lang/crates.io-index"
checksum = "060d69a0afe7796bf42e9e2ff91f5ee691fb15c53d38b4b62a9a53eb23164745"
dependencies = [
 "proc-macro2",
 "quote",
 "syn",
]

[[package]]
name = "toml"
version = "0.5.8"
source = "registry+https://github.com/rust-lang/crates.io-index"
checksum = "a31142970826733df8241ef35dc040ef98c679ab14d7c3e54d827099b3acecaa"
dependencies = [
 "serde",
]

[[package]]
name = "ucd-trie"
version = "0.1.3"
source = "registry+https://github.com/rust-lang/crates.io-index"
checksum = "56dee185309b50d1f11bfedef0fe6d036842e3fb77413abef29f8f8d1c5d4c1c"

[[package]]
name = "unicode-xid"
version = "0.2.2"
source = "registry+https://github.com/rust-lang/crates.io-index"
checksum = "8ccb82d61f80a663efe1f787a51b16b5a51e3314d6ac365b08639f52387b33f3"

[[package]]
name = "walkdir"
version = "2.3.2"
source = "registry+https://github.com/rust-lang/crates.io-index"
checksum = "808cf2735cd4b6866113f648b791c6adc5714537bc222d9347bb203386ffda56"
dependencies = [
 "same-file",
 "winapi",
 "winapi-util",
]

[[package]]
name = "wasi"
version = "0.9.0+wasi-snapshot-preview1"
source = "registry+https://github.com/rust-lang/crates.io-index"
checksum = "cccddf32554fecc6acb585f82a32a72e28b48f8c4c1883ddfeeeaa96f7d8e519"

[[package]]
name = "wasm-bindgen"
version = "0.2.75"
source = "registry+https://github.com/rust-lang/crates.io-index"
checksum = "b608ecc8f4198fe8680e2ed18eccab5f0cd4caaf3d83516fa5fb2e927fda2586"
dependencies = [
 "cfg-if 1.0.0",
 "wasm-bindgen-macro",
]

[[package]]
name = "wasm-bindgen-backend"
version = "0.2.75"
source = "registry+https://github.com/rust-lang/crates.io-index"
checksum = "580aa3a91a63d23aac5b6b267e2d13cb4f363e31dce6c352fca4752ae12e479f"
dependencies = [
 "bumpalo",
 "lazy_static",
 "log",
 "proc-macro2",
 "quote",
 "syn",
 "wasm-bindgen-shared",
]

[[package]]
name = "wasm-bindgen-macro"
version = "0.2.75"
source = "registry+https://github.com/rust-lang/crates.io-index"
checksum = "171ebf0ed9e1458810dfcb31f2e766ad6b3a89dbda42d8901f2b268277e5f09c"
dependencies = [
 "quote",
 "wasm-bindgen-macro-support",
]

[[package]]
name = "wasm-bindgen-macro-support"
version = "0.2.75"
source = "registry+https://github.com/rust-lang/crates.io-index"
checksum = "6c2657dd393f03aa2a659c25c6ae18a13a4048cebd220e147933ea837efc589f"
dependencies = [
 "proc-macro2",
 "quote",
 "syn",
 "wasm-bindgen-backend",
 "wasm-bindgen-shared",
]

[[package]]
name = "wasm-bindgen-shared"
version = "0.2.75"
source = "registry+https://github.com/rust-lang/crates.io-index"
checksum = "2e0c4a743a309662d45f4ede961d7afa4ba4131a59a639f29b0069c3798bbcc2"

[[package]]
name = "winapi"
version = "0.3.9"
source = "registry+https://github.com/rust-lang/crates.io-index"
checksum = "5c839a674fcd7a98952e593242ea400abe93992746761e38641405d28b00f419"
dependencies = [
 "winapi-i686-pc-windows-gnu",
 "winapi-x86_64-pc-windows-gnu",
]

[[package]]
name = "winapi-i686-pc-windows-gnu"
version = "0.4.0"
source = "registry+https://github.com/rust-lang/crates.io-index"
checksum = "ac3b87c63620426dd9b991e5ce0329eff545bccbbb34f3be09ff6fb6ab51b7b6"

[[package]]
name = "winapi-util"
version = "0.1.5"
source = "registry+https://github.com/rust-lang/crates.io-index"
checksum = "70ec6ce85bb158151cae5e5c87f95a8e97d2c0c4b001223f33a334e3ce5de178"
dependencies = [
 "winapi",
]

[[package]]
name = "winapi-x86_64-pc-windows-gnu"
version = "0.4.0"
source = "registry+https://github.com/rust-lang/crates.io-index"
checksum = "712e227841d057c1ee1cd2fb22fa7e5a5461ae8e48fa2ca79ec42cfc1931183f"

[[package]]
name = "windows-sys"
version = "0.42.0"
source = "registry+https://github.com/rust-lang/crates.io-index"
checksum = "5a3e1820f08b8513f676f7ab6c1f99ff312fb97b553d30ff4dd86f9f15728aa7"
dependencies = [
 "windows_aarch64_gnullvm",
 "windows_aarch64_msvc",
 "windows_i686_gnu",
 "windows_i686_msvc",
 "windows_x86_64_gnu",
 "windows_x86_64_gnullvm",
 "windows_x86_64_msvc",
]

[[package]]
name = "windows_aarch64_gnullvm"
version = "0.42.0"
source = "registry+https://github.com/rust-lang/crates.io-index"
checksum = "41d2aa71f6f0cbe00ae5167d90ef3cfe66527d6f613ca78ac8024c3ccab9a19e"

[[package]]
name = "windows_aarch64_msvc"
version = "0.42.0"
source = "registry+https://github.com/rust-lang/crates.io-index"
checksum = "dd0f252f5a35cac83d6311b2e795981f5ee6e67eb1f9a7f64eb4500fbc4dcdb4"

[[package]]
name = "windows_i686_gnu"
version = "0.42.0"
source = "registry+https://github.com/rust-lang/crates.io-index"
checksum = "fbeae19f6716841636c28d695375df17562ca208b2b7d0dc47635a50ae6c5de7"

[[package]]
name = "windows_i686_msvc"
version = "0.42.0"
source = "registry+https://github.com/rust-lang/crates.io-index"
checksum = "84c12f65daa39dd2babe6e442988fc329d6243fdce47d7d2d155b8d874862246"

[[package]]
name = "windows_x86_64_gnu"
version = "0.42.0"
source = "registry+https://github.com/rust-lang/crates.io-index"
checksum = "bf7b1b21b5362cbc318f686150e5bcea75ecedc74dd157d874d754a2ca44b0ed"

[[package]]
name = "windows_x86_64_gnullvm"
version = "0.42.0"
source = "registry+https://github.com/rust-lang/crates.io-index"
checksum = "09d525d2ba30eeb3297665bd434a54297e4170c7f1a44cad4ef58095b4cd2028"

[[package]]
name = "windows_x86_64_msvc"
version = "0.42.0"
source = "registry+https://github.com/rust-lang/crates.io-index"
checksum = "f40009d85759725a34da6d89a94e63d7bdc50a862acf0dbc7c8e488f1edcb6f5"
