# This file is automatically @generated by Cargo.
# It is not intended for manual editing.
version = 3

[[package]]
name = "addr2line"
version = "0.13.0"
source = "registry+https://github.com/rust-lang/crates.io-index"
checksum = "1b6a2d3371669ab3ca9797670853d61402b03d0b4b9ebf33d677dfa720203072"
dependencies = [
 "cpp_demangle",
 "fallible-iterator",
 "gimli",
 "object",
 "rustc-demangle",
 "smallvec",
]

[[package]]
name = "adler"
version = "1.0.2"
source = "registry+https://github.com/rust-lang/crates.io-index"
checksum = "f26201604c87b1e01bd3d98f8d5d9a8fcbb815e8cedb41ffccbeb4bf593a35fe"

[[package]]
name = "aho-corasick"
version = "0.6.10"
source = "registry+https://github.com/rust-lang/crates.io-index"
checksum = "81ce3d38065e618af2d7b77e10c5ad9a069859b4be3c2250f674af3840d9c8a5"
dependencies = [
 "memchr 2.5.0",
]

[[package]]
name = "aho-corasick"
version = "0.7.20"
source = "registry+https://github.com/rust-lang/crates.io-index"
checksum = "cc936419f96fa211c1b9166887b38e5e40b19958e5b895be7c1f93adec7071ac"
dependencies = [
 "memchr 2.5.0",
]

[[package]]
name = "ansi_term"
version = "0.12.1"
source = "registry+https://github.com/rust-lang/crates.io-index"
checksum = "d52a9bb7ec0cf484c551830a7ce27bd20d67eac647e1befb56b0be4ee39a55d2"
dependencies = [
 "winapi",
]

[[package]]
name = "anyhow"
version = "1.0.69"
source = "registry+https://github.com/rust-lang/crates.io-index"
checksum = "224afbd727c3d6e4b90103ece64b8d1b67fbb1973b1046c2281eed3f3803f800"

[[package]]
name = "atty"
version = "0.2.14"
source = "registry+https://github.com/rust-lang/crates.io-index"
checksum = "d9b39be18770d11421cdb1b9947a45dd3f37e93092cbf377614828a319d5fee8"
dependencies = [
 "hermit-abi",
 "libc",
 "winapi",
]

[[package]]
name = "autocfg"
version = "1.1.0"
source = "registry+https://github.com/rust-lang/crates.io-index"
checksum = "d468802bab17cbc0cc575e9b053f41e72aa36bfa6b7f55e3529ffa43161b97fa"

[[package]]
name = "bit-vec"
version = "0.6.3"
source = "registry+https://github.com/rust-lang/crates.io-index"
checksum = "349f9b6a179ed607305526ca489b34ad0a41aed5f7980fa90eb03160b69598fb"

[[package]]
name = "bitflags"
version = "1.3.2"
source = "registry+https://github.com/rust-lang/crates.io-index"
checksum = "bef38d45163c2f1dde094a7dfd33ccf595c92905c8f8f4fdc18d06fb1037718a"

[[package]]
name = "blake2b-ref"
version = "0.2.1"
source = "registry+https://github.com/rust-lang/crates.io-index"
checksum = "95916998c798756098a4eb1b3f2cd510659705a9817bf203d61abd30fbec3e7b"

[[package]]
name = "blake2b-rs"
version = "0.2.0"
source = "registry+https://github.com/rust-lang/crates.io-index"
checksum = "a89a8565807f21b913288968e391819e7f9b2f0f46c7b89549c051cccf3a2771"
dependencies = [
 "cc",
 "cty",
]

[[package]]
name = "bumpalo"
version = "3.12.0"
source = "registry+https://github.com/rust-lang/crates.io-index"
checksum = "0d261e256854913907f67ed06efbc3338dfe6179796deefc1ff763fc1aee5535"

[[package]]
name = "byteorder"
version = "1.4.3"
source = "registry+https://github.com/rust-lang/crates.io-index"
checksum = "14c189c53d098945499cdfa7ecc63567cf3886b3332b312a5b4585d8d3a6a610"

[[package]]
name = "bytes"
version = "1.4.0"
source = "registry+https://github.com/rust-lang/crates.io-index"
checksum = "89b2fd2a0dcf38d7971e2194b6b6eebab45ae01067456a7fd93d5547a61b70be"
dependencies = [
 "serde",
]

[[package]]
name = "cc"
version = "1.0.79"
source = "registry+https://github.com/rust-lang/crates.io-index"
checksum = "50d30906286121d95be3d479533b458f87493b30a4b5f79a607db8f5d11aa91f"

[[package]]
name = "cfg-if"
version = "1.0.0"
source = "registry+https://github.com/rust-lang/crates.io-index"
checksum = "baf1de4339761588bc0619e3cbc0120ee582ebb74b53b4efbf79117bd2da40fd"

[[package]]
name = "ckb-chain-spec"
version = "0.107.0"
source = "registry+https://github.com/rust-lang/crates.io-index"
checksum = "ab4b81194c0c50d96355f350abb0e67ecc856632b1200671001a7d00af10b587"
dependencies = [
 "ckb-constant",
 "ckb-crypto",
 "ckb-dao-utils",
 "ckb-error",
 "ckb-hash",
 "ckb-jsonrpc-types",
 "ckb-pow",
 "ckb-rational",
 "ckb-resource",
 "ckb-traits",
 "ckb-types",
 "ckb-util",
 "serde",
 "toml",
]

[[package]]
name = "ckb-channel"
version = "0.107.0"
source = "registry+https://github.com/rust-lang/crates.io-index"
checksum = "48a88995cc98880ebfd6efb5dd43cd6bcb4f1656424090dd2e95098e5379081e"
dependencies = [
 "crossbeam-channel",
]

[[package]]
name = "ckb-constant"
version = "0.107.0"
source = "registry+https://github.com/rust-lang/crates.io-index"
checksum = "f4bd3b3a5debc7e65d0ab9dbe58dffaf022eae5c7c742f9dabe1df39582aeda3"

[[package]]
name = "ckb-crypto"
version = "0.107.0"
source = "registry+https://github.com/rust-lang/crates.io-index"
checksum = "2c3770b58f23f87988d61efcc23d9bbb7a4954cd199b793493c2174649432575"
dependencies = [
 "ckb-fixed-hash",
 "faster-hex 0.6.1",
 "lazy_static",
 "rand 0.7.3",
 "secp256k1",
 "thiserror",
]

[[package]]
name = "ckb-dao-utils"
version = "0.107.0"
source = "registry+https://github.com/rust-lang/crates.io-index"
checksum = "b088151c6148afd284f066a672cf4b64be35d8c6b9e5e2f91418adb85167bea8"
dependencies = [
 "byteorder",
 "ckb-error",
 "ckb-types",
]

[[package]]
name = "ckb-debugger"
version = "0.107.0"
dependencies = [
 "ckb-debugger-api",
 "ckb-mock-tx-types",
 "ckb-script",
 "ckb-types",
 "ckb-vm",
 "ckb-vm-debug-utils",
 "ckb-vm-pprof",
 "clap",
 "env_logger",
 "faster-hex 0.4.1",
 "gdb-remote-protocol",
 "lazy_static",
 "libc",
 "log 0.4.17",
 "rand 0.8.5",
 "serde_json",
 "serde_plain",
]

[[package]]
name = "ckb-debugger-api"
version = "0.107.0"
dependencies = [
 "byteorder",
 "ckb-mock-tx-types",
 "ckb-script",
 "ckb-types",
 "faster-hex 0.4.1",
 "js-sys",
 "serde",
 "serde_json",
 "serde_plain",
 "wasm-bindgen",
]

[[package]]
name = "ckb-error"
version = "0.107.0"
source = "registry+https://github.com/rust-lang/crates.io-index"
checksum = "3c8456b75fb298a5ba6c34ba7557ea2a95759a84f6b90182f3061b0bf67d5a24"
dependencies = [
 "anyhow",
 "ckb-occupied-capacity",
 "derive_more",
 "thiserror",
]

[[package]]
name = "ckb-fixed-hash"
version = "0.107.0"
source = "registry+https://github.com/rust-lang/crates.io-index"
checksum = "2accbe8df28f9e4e3e2c58031bde203f418f0e43cbb6b5b110c305469162a890"
dependencies = [
 "ckb-fixed-hash-core",
 "ckb-fixed-hash-macros",
]

[[package]]
name = "ckb-fixed-hash-core"
version = "0.107.0"
source = "registry+https://github.com/rust-lang/crates.io-index"
checksum = "d659fa80790bb02894cfcf687d6e9486ab927c7c944a86fd7edf0fb2d9715439"
dependencies = [
 "faster-hex 0.6.1",
 "serde",
 "thiserror",
]

[[package]]
name = "ckb-fixed-hash-macros"
version = "0.107.0"
source = "registry+https://github.com/rust-lang/crates.io-index"
checksum = "c788c8f3e736b765e48206e99641a41eec085c3012c0f7042bb1d73643d7a711"
dependencies = [
 "ckb-fixed-hash-core",
 "proc-macro2",
 "quote 1.0.23",
 "syn 1.0.107",
]

[[package]]
name = "ckb-hash"
version = "0.107.0"
source = "registry+https://github.com/rust-lang/crates.io-index"
checksum = "34277b3ac8889e37cf0029b4dabe26f42261bc36bc1a9551af7f74ad89afc6a8"
dependencies = [
 "blake2b-ref",
 "blake2b-rs",
]

[[package]]
name = "ckb-jsonrpc-types"
version = "0.107.0"
source = "registry+https://github.com/rust-lang/crates.io-index"
checksum = "c619314c73ed068f292272ff7d8d63cc97abfef4349805799a1e8d7297f89cf4"
dependencies = [
 "ckb-types",
 "faster-hex 0.6.1",
 "serde",
 "serde_json",
]

[[package]]
name = "ckb-merkle-mountain-range"
version = "0.5.2"
source = "registry+https://github.com/rust-lang/crates.io-index"
checksum = "56ccb671c5921be8a84686e6212ca184cb1d7c51cadcdbfcbd1cc3f042f5dfb8"
dependencies = [
 "cfg-if",
]

[[package]]
name = "ckb-mock-tx-types"
version = "0.107.0"
dependencies = [
 "ckb-jsonrpc-types",
 "ckb-traits",
 "ckb-types",
 "serde",
]

[[package]]
name = "ckb-occupied-capacity"
version = "0.107.0"
source = "registry+https://github.com/rust-lang/crates.io-index"
checksum = "2b2cdbab89ccd3c0c49e0ba04faee6abe1dd906557da3dee54048233f2138e9f"
dependencies = [
 "ckb-occupied-capacity-core",
 "ckb-occupied-capacity-macros",
]

[[package]]
name = "ckb-occupied-capacity-core"
version = "0.107.0"
source = "registry+https://github.com/rust-lang/crates.io-index"
checksum = "57e256e2f4e7b039d965a6a42eaf4e88de001d679a4f444de7bc36c0bfded4c8"
dependencies = [
 "serde",
]

[[package]]
name = "ckb-occupied-capacity-macros"
version = "0.107.0"
source = "registry+https://github.com/rust-lang/crates.io-index"
checksum = "31263688594b6f175095ccd6a70cbe6a966203809c9e48c5579e2e1ae27a77df"
dependencies = [
 "ckb-occupied-capacity-core",
 "quote 1.0.23",
 "syn 1.0.107",
]

[[package]]
name = "ckb-pow"
version = "0.107.0"
source = "registry+https://github.com/rust-lang/crates.io-index"
checksum = "2412c00fb00d4dbe928986731ef3d5bbae010adaa83e569d9458f5cf611bb746"
dependencies = [
 "byteorder",
 "ckb-hash",
 "ckb-types",
 "eaglesong",
 "log 0.4.17",
 "serde",
]

[[package]]
name = "ckb-rational"
version = "0.107.0"
source = "registry+https://github.com/rust-lang/crates.io-index"
checksum = "f5cc47cb648fb59cb33c5998cb8381be38189af870083058a8b9da3acc9bb9f7"
dependencies = [
 "numext-fixed-uint",
 "serde",
]

[[package]]
name = "ckb-resource"
version = "0.107.0"
source = "registry+https://github.com/rust-lang/crates.io-index"
checksum = "7cc7ac5c1f84489f4879f0193141d187576d9bb8b906a032a358e2e3e87c86cb"
dependencies = [
 "ckb-system-scripts",
 "ckb-types",
 "includedir",
 "includedir_codegen",
 "phf",
 "serde",
 "walkdir",
]

[[package]]
name = "ckb-script"
version = "0.107.0"
source = "registry+https://github.com/rust-lang/crates.io-index"
checksum = "9e9b8ac3c4c151870514e515707077df2820bfccb727349db1092ad0c89d86e8"
dependencies = [
 "byteorder",
 "ckb-chain-spec",
 "ckb-error",
 "ckb-hash",
 "ckb-traits",
 "ckb-types",
 "ckb-vm",
 "faster-hex 0.6.1",
 "serde",
]

[[package]]
name = "ckb-system-scripts"
version = "0.5.4"
source = "registry+https://github.com/rust-lang/crates.io-index"
checksum = "fa5c59063142de7a68cfad4449c6b3863563856219a2925dfb8c5f019ec2aa47"
dependencies = [
 "blake2b-rs",
 "faster-hex 0.6.1",
 "includedir",
 "includedir_codegen",
 "phf",
]

[[package]]
name = "ckb-traits"
version = "0.107.0"
source = "registry+https://github.com/rust-lang/crates.io-index"
checksum = "0791f492144f5964779f6a2b77761171b680ddcd5a7a2b91de7ed3a9eb467d79"
dependencies = [
 "ckb-types",
]

[[package]]
name = "ckb-types"
version = "0.107.0"
source = "registry+https://github.com/rust-lang/crates.io-index"
checksum = "15b5638c8d20fbfe6a29defd826e8d9d71f5c6faccc08c281564c5f778ab896f"
dependencies = [
 "bit-vec",
 "bytes",
 "ckb-channel",
 "ckb-error",
 "ckb-fixed-hash",
 "ckb-hash",
 "ckb-merkle-mountain-range",
 "ckb-occupied-capacity",
 "ckb-rational",
 "derive_more",
 "merkle-cbt",
 "molecule",
 "numext-fixed-uint",
 "once_cell",
]

[[package]]
name = "ckb-util"
version = "0.107.0"
source = "registry+https://github.com/rust-lang/crates.io-index"
checksum = "24b38a754b5d57cff59bc35ad6884fbedba2ce49e15a65b88127250b2fc5cd30"
dependencies = [
 "linked-hash-map",
 "once_cell",
 "parking_lot",
 "regex 1.7.1",
]

[[package]]
name = "ckb-vm"
version = "0.22.1"
source = "registry+https://github.com/rust-lang/crates.io-index"
checksum = "d8e8f7ba49aa55d08f8a575b69bc535cad65fdba75fea90856cee1fd3822a7a9"
dependencies = [
 "byteorder",
 "bytes",
 "cc",
 "ckb-vm-definitions",
 "derive_more",
 "goblin 0.2.3",
 "goblin 0.4.0",
 "rand 0.7.3",
 "scroll",
 "serde",
]

[[package]]
name = "ckb-vm-debug-utils"
version = "0.107.0"
dependencies = [
 "byteorder",
 "bytes",
 "ckb-vm",
 "env_logger",
 "gdb-remote-protocol",
 "libc",
 "log 0.4.17",
 "nix",
]

[[package]]
name = "ckb-vm-definitions"
version = "0.22.1"
source = "registry+https://github.com/rust-lang/crates.io-index"
checksum = "5445b62604e7ab2bf5abb37bf6cca7ac26b2e4a76fddb27ceb61850f24864d58"

[[package]]
name = "ckb-vm-pprof"
version = "0.107.0"
dependencies = [
 "addr2line",
 "ckb-vm",
 "clap",
 "goblin 0.4.0",
 "object",
]

[[package]]
name = "clap"
version = "2.34.0"
source = "registry+https://github.com/rust-lang/crates.io-index"
checksum = "a0610544180c38b88101fecf2dd634b174a62eef6946f84dfc6a7127512b381c"
dependencies = [
 "ansi_term",
 "atty",
 "bitflags",
 "strsim",
 "textwrap",
 "unicode-width",
 "vec_map",
]

[[package]]
name = "convert_case"
version = "0.4.0"
source = "registry+https://github.com/rust-lang/crates.io-index"
checksum = "6245d59a3e82a7fc217c5828a6692dbc6dfb63a0c8c90495621f7b9d79704a0e"

[[package]]
name = "cpp_demangle"
version = "0.3.5"
source = "registry+https://github.com/rust-lang/crates.io-index"
checksum = "eeaa953eaad386a53111e47172c2fedba671e5684c8dd601a5f474f4f118710f"
dependencies = [
 "cfg-if",
]

[[package]]
name = "crc32fast"
version = "1.3.2"
source = "registry+https://github.com/rust-lang/crates.io-index"
checksum = "b540bd8bc810d3885c6ea91e2018302f68baba2129ab3e88f32389ee9370880d"
dependencies = [
 "cfg-if",
]

[[package]]
name = "crossbeam-channel"
version = "0.5.6"
source = "registry+https://github.com/rust-lang/crates.io-index"
checksum = "c2dd04ddaf88237dc3b8d8f9a3c1004b506b54b3313403944054d23c0870c521"
dependencies = [
 "cfg-if",
 "crossbeam-utils",
]

[[package]]
name = "crossbeam-utils"
version = "0.8.14"
source = "registry+https://github.com/rust-lang/crates.io-index"
checksum = "4fb766fa798726286dbbb842f174001dab8abc7b627a1dd86e0b7222a95d929f"
dependencies = [
 "cfg-if",
]

[[package]]
name = "cty"
version = "0.2.2"
source = "registry+https://github.com/rust-lang/crates.io-index"
checksum = "b365fabc795046672053e29c954733ec3b05e4be654ab130fe8f1f94d7051f35"

[[package]]
name = "derive_more"
version = "0.99.17"
source = "registry+https://github.com/rust-lang/crates.io-index"
checksum = "4fb810d30a7c1953f91334de7244731fc3f3c10d7fe163338a35b9f640960321"
dependencies = [
 "convert_case",
 "proc-macro2",
 "quote 1.0.23",
 "rustc_version",
 "syn 1.0.107",
]

[[package]]
name = "eaglesong"
version = "0.1.0"
source = "registry+https://github.com/rust-lang/crates.io-index"
checksum = "8d978bd5d343e8ab9b5c0fc8d93ff9c602fdc96616ffff9c05ac7a155419b824"

[[package]]
name = "env_logger"
version = "0.4.3"
source = "registry+https://github.com/rust-lang/crates.io-index"
checksum = "3ddf21e73e016298f5cb37d6ef8e8da8e39f91f9ec8b0df44b7deb16a9f8cd5b"
dependencies = [
 "log 0.3.9",
 "regex 0.2.11",
]

[[package]]
name = "fallible-iterator"
version = "0.2.0"
source = "registry+https://github.com/rust-lang/crates.io-index"
checksum = "4443176a9f2c162692bd3d352d745ef9413eec5782a80d8fd6f8a1ac692a07f7"

[[package]]
name = "faster-hex"
version = "0.4.1"
source = "registry+https://github.com/rust-lang/crates.io-index"
checksum = "348138dd23e03bb0018caef99647fb1a5befec5ff4b501991de88f09854d4c28"

[[package]]
name = "faster-hex"
version = "0.6.1"
source = "registry+https://github.com/rust-lang/crates.io-index"
checksum = "51e2ce894d53b295cf97b05685aa077950ff3e8541af83217fc720a6437169f8"

[[package]]
name = "flate2"
version = "1.0.25"
source = "registry+https://github.com/rust-lang/crates.io-index"
checksum = "a8a2db397cb1c8772f31494cb8917e48cd1e64f0fa7efac59fbd741a0a8ce841"
dependencies = [
 "crc32fast",
 "miniz_oxide",
]

[[package]]
name = "gdb-remote-protocol"
version = "0.1.0"
source = "git+https://github.com/luser/rust-gdb-remote-protocol?rev=565ab0c#565ab0c0ac189c82b0e7df217860599fc1ae6287"
dependencies = [
 "log 0.4.17",
 "nom",
 "strum",
 "strum_macros",
]

[[package]]
name = "getrandom"
version = "0.1.16"
source = "registry+https://github.com/rust-lang/crates.io-index"
checksum = "8fc3cb4d91f53b50155bdcfd23f6a4c39ae1969c2ae85982b135750cccaf5fce"
dependencies = [
 "cfg-if",
 "libc",
 "wasi 0.9.0+wasi-snapshot-preview1",
]

[[package]]
name = "getrandom"
version = "0.2.8"
source = "registry+https://github.com/rust-lang/crates.io-index"
checksum = "c05aeb6a22b8f62540c194aac980f2115af067bfe15a0734d7277a768d396b31"
dependencies = [
 "cfg-if",
 "libc",
 "wasi 0.11.0+wasi-snapshot-preview1",
]

[[package]]
name = "gimli"
version = "0.22.0"
source = "registry+https://github.com/rust-lang/crates.io-index"
checksum = "aaf91faf136cb47367fa430cd46e37a788775e7fa104f8b4bcb3861dc389b724"
dependencies = [
 "fallible-iterator",
 "stable_deref_trait",
]

[[package]]
name = "goblin"
version = "0.2.3"
source = "registry+https://github.com/rust-lang/crates.io-index"
checksum = "d20fd25aa456527ce4f544271ae4fea65d2eda4a6561ea56f39fb3ee4f7e3884"
dependencies = [
 "log 0.4.17",
 "plain",
 "scroll",
]

[[package]]
name = "goblin"
version = "0.4.0"
source = "registry+https://github.com/rust-lang/crates.io-index"
checksum = "532a09cd3df2c6bbfc795fb0434bff8f22255d1d07328180e918a2e6ce122d4d"
dependencies = [
 "log 0.4.17",
 "plain",
 "scroll",
]

[[package]]
name = "heapsize"
version = "0.4.2"
source = "registry+https://github.com/rust-lang/crates.io-index"
checksum = "1679e6ea370dee694f91f1dc469bf94cf8f52051d147aec3e1f9497c6fc22461"
dependencies = [
 "winapi",
]

[[package]]
name = "hermit-abi"
version = "0.1.19"
source = "registry+https://github.com/rust-lang/crates.io-index"
checksum = "62b467343b94ba476dcb2500d242dadbb39557df889310ac77c5d99100aaac33"
dependencies = [
 "libc",
]

[[package]]
name = "includedir"
version = "0.6.0"
source = "registry+https://github.com/rust-lang/crates.io-index"
checksum = "afd126bd778c00c43a9dc76d1609a0894bf4222088088b2217ccc0ce9e816db7"
dependencies = [
 "flate2",
 "phf",
]

[[package]]
name = "includedir_codegen"
version = "0.6.0"
source = "registry+https://github.com/rust-lang/crates.io-index"
checksum = "0ac1500c9780957c9808c4ec3b94002f35aab01483833f5a8bce7dfb243e3148"
dependencies = [
 "flate2",
 "phf_codegen",
 "walkdir",
]

[[package]]
name = "itoa"
version = "1.0.5"
source = "registry+https://github.com/rust-lang/crates.io-index"
checksum = "fad582f4b9e86b6caa621cabeb0963332d92eea04729ab12892c2533951e6440"

[[package]]
name = "js-sys"
version = "0.3.61"
source = "registry+https://github.com/rust-lang/crates.io-index"
checksum = "445dde2150c55e483f3d8416706b97ec8e8237c307e5b7b4b8dd15e6af2a0730"
dependencies = [
 "wasm-bindgen",
]

[[package]]
name = "lazy_static"
version = "1.4.0"
source = "registry+https://github.com/rust-lang/crates.io-index"
checksum = "e2abad23fbc42b3700f2f279844dc832adb2b2eb069b2df918f455c4e18cc646"

[[package]]
name = "libc"
version = "0.2.139"
source = "registry+https://github.com/rust-lang/crates.io-index"
checksum = "201de327520df007757c1f0adce6e827fe8562fbc28bfd9c15571c66ca1f5f79"

[[package]]
name = "linked-hash-map"
version = "0.5.6"
source = "registry+https://github.com/rust-lang/crates.io-index"
checksum = "0717cef1bc8b636c6e1c1bbdefc09e6322da8a9321966e8928ef80d20f7f770f"
dependencies = [
 "serde",
]

[[package]]
name = "lock_api"
version = "0.4.9"
source = "registry+https://github.com/rust-lang/crates.io-index"
checksum = "435011366fe56583b16cf956f9df0095b405b82d76425bc8981c0e22e60ec4df"
dependencies = [
 "autocfg",
 "scopeguard",
]

[[package]]
name = "log"
version = "0.3.9"
source = "registry+https://github.com/rust-lang/crates.io-index"
checksum = "e19e8d5c34a3e0e2223db8e060f9e8264aeeb5c5fc64a4ee9965c062211c024b"
dependencies = [
 "log 0.4.17",
]

[[package]]
name = "log"
version = "0.4.17"
source = "registry+https://github.com/rust-lang/crates.io-index"
checksum = "abb12e687cfb44aa40f41fc3978ef76448f9b6038cad6aef4259d3c095a2382e"
dependencies = [
 "cfg-if",
]

[[package]]
name = "memchr"
version = "1.0.2"
source = "registry+https://github.com/rust-lang/crates.io-index"
checksum = "148fab2e51b4f1cfc66da2a7c32981d1d3c083a803978268bb11fe4b86925e7a"
dependencies = [
 "libc",
]

[[package]]
name = "memchr"
version = "2.5.0"
source = "registry+https://github.com/rust-lang/crates.io-index"
checksum = "2dffe52ecf27772e601905b7522cb4ef790d2cc203488bbd0e2fe85fcb74566d"

[[package]]
name = "memoffset"
version = "0.7.1"
source = "registry+https://github.com/rust-lang/crates.io-index"
checksum = "5de893c32cde5f383baa4c04c5d6dbdd735cfd4a794b0debdb2bb1b421da5ff4"
dependencies = [
 "autocfg",
]

[[package]]
name = "merkle-cbt"
version = "0.3.2"
source = "registry+https://github.com/rust-lang/crates.io-index"
checksum = "171d2f700835121c3b04ccf0880882987a050fd5c7ae88148abf537d33dd3a56"
dependencies = [
 "cfg-if",
]

[[package]]
name = "miniz_oxide"
version = "0.6.2"
source = "registry+https://github.com/rust-lang/crates.io-index"
checksum = "b275950c28b37e794e8c55d88aeb5e139d0ce23fdbbeda68f8d7174abdf9e8fa"
dependencies = [
 "adler",
]

[[package]]
name = "molecule"
version = "0.7.3"
source = "registry+https://github.com/rust-lang/crates.io-index"
checksum = "edc8276c02a006bddad7d1c28c1a88f30421e1b5f0ba0ca96ceb8077c7d20c01"
dependencies = [
 "bytes",
 "cfg-if",
 "faster-hex 0.6.1",
]

[[package]]
name = "nix"
version = "0.26.2"
source = "registry+https://github.com/rust-lang/crates.io-index"
checksum = "bfdda3d196821d6af13126e40375cdf7da646a96114af134d5f417a9a1dc8e1a"
dependencies = [
 "bitflags",
 "cfg-if",
 "libc",
 "memoffset",
 "pin-utils",
 "static_assertions",
]

[[package]]
name = "nom"
version = "3.2.1"
source = "registry+https://github.com/rust-lang/crates.io-index"
checksum = "05aec50c70fd288702bcd93284a8444607f3292dbdf2a30de5ea5dcdbe72287b"
dependencies = [
 "memchr 1.0.2",
]

[[package]]
name = "numext-constructor"
version = "0.1.6"
source = "registry+https://github.com/rust-lang/crates.io-index"
checksum = "621fe0f044729f810c6815cdd77e8f5e0cd803ce4f6a38380ebfc1322af98661"
dependencies = [
 "proc-macro2",
 "quote 1.0.23",
 "syn 1.0.107",
]

[[package]]
name = "numext-fixed-uint"
version = "0.1.6"
source = "registry+https://github.com/rust-lang/crates.io-index"
checksum = "6c68c76f96d589d1009a666c5072f37f3114d682696505f2cf445f27766c7d70"
dependencies = [
 "numext-fixed-uint-core",
 "numext-fixed-uint-hack",
]

[[package]]
name = "numext-fixed-uint-core"
version = "0.1.6"
source = "registry+https://github.com/rust-lang/crates.io-index"
checksum = "6aab1d6457b97b49482f22a92f0f58a2f39bdd7f3b2f977eae67e8bc206aa980"
dependencies = [
 "heapsize",
 "numext-constructor",
 "rand 0.7.3",
 "serde",
 "thiserror",
]

[[package]]
name = "numext-fixed-uint-hack"
version = "0.1.6"
source = "registry+https://github.com/rust-lang/crates.io-index"
checksum = "0200f8d55c36ec1b6a8cf810115be85d4814f045e0097dfd50033ba25adb4c9e"
dependencies = [
 "numext-fixed-uint-core",
 "proc-macro2",
 "quote 1.0.23",
 "syn 1.0.107",
]

[[package]]
name = "object"
version = "0.20.0"
source = "registry+https://github.com/rust-lang/crates.io-index"
checksum = "1ab52be62400ca80aa00285d25253d7f7c437b7375c4de678f5405d3afe82ca5"
dependencies = [
 "flate2",
 "wasmparser",
]

[[package]]
name = "once_cell"
version = "1.17.0"
source = "registry+https://github.com/rust-lang/crates.io-index"
checksum = "6f61fba1741ea2b3d6a1e3178721804bb716a68a6aeba1149b5d52e3d464ea66"

[[package]]
name = "parking_lot"
version = "0.12.1"
source = "registry+https://github.com/rust-lang/crates.io-index"
checksum = "3742b2c103b9f06bc9fff0a37ff4912935851bee6d36f3c02bcc755bcfec228f"
dependencies = [
 "lock_api",
 "parking_lot_core",
]

[[package]]
name = "parking_lot_core"
version = "0.9.7"
source = "registry+https://github.com/rust-lang/crates.io-index"
checksum = "9069cbb9f99e3a5083476ccb29ceb1de18b9118cafa53e90c9551235de2b9521"
dependencies = [
 "cfg-if",
 "libc",
 "redox_syscall",
 "smallvec",
 "windows-sys",
]

[[package]]
name = "phf"
version = "0.8.0"
source = "registry+https://github.com/rust-lang/crates.io-index"
checksum = "3dfb61232e34fcb633f43d12c58f83c1df82962dcdfa565a4e866ffc17dafe12"
dependencies = [
 "phf_shared",
]

[[package]]
name = "phf_codegen"
version = "0.8.0"
source = "registry+https://github.com/rust-lang/crates.io-index"
checksum = "cbffee61585b0411840d3ece935cce9cb6321f01c45477d30066498cd5e1a815"
dependencies = [
 "phf_generator",
 "phf_shared",
]

[[package]]
name = "phf_generator"
version = "0.8.0"
source = "registry+https://github.com/rust-lang/crates.io-index"
checksum = "17367f0cc86f2d25802b2c26ee58a7b23faeccf78a396094c13dced0d0182526"
dependencies = [
 "phf_shared",
 "rand 0.7.3",
]

[[package]]
name = "phf_shared"
version = "0.8.0"
source = "registry+https://github.com/rust-lang/crates.io-index"
checksum = "c00cf8b9eafe68dde5e9eaa2cef8ee84a9336a47d566ec55ca16589633b65af7"
dependencies = [
 "siphasher",
]

[[package]]
name = "pin-utils"
version = "0.1.0"
source = "registry+https://github.com/rust-lang/crates.io-index"
checksum = "8b870d8c151b6f2fb93e84a13146138f05d02ed11c7e7c54f8826aaaf7c9f184"

[[package]]
name = "plain"
version = "0.2.3"
source = "registry+https://github.com/rust-lang/crates.io-index"
checksum = "b4596b6d070b27117e987119b4dac604f3c58cfb0b191112e24771b2faeac1a6"

[[package]]
name = "ppv-lite86"
version = "0.2.17"
source = "registry+https://github.com/rust-lang/crates.io-index"
checksum = "5b40af805b3121feab8a3c29f04d8ad262fa8e0561883e7653e024ae4479e6de"

[[package]]
name = "proc-macro2"
version = "1.0.51"
source = "registry+https://github.com/rust-lang/crates.io-index"
checksum = "5d727cae5b39d21da60fa540906919ad737832fe0b1c165da3a34d6548c849d6"
dependencies = [
 "unicode-ident",
]

[[package]]
name = "quote"
version = "0.3.15"
source = "registry+https://github.com/rust-lang/crates.io-index"
checksum = "7a6e920b65c65f10b2ae65c831a81a073a89edd28c7cce89475bff467ab4167a"

[[package]]
name = "quote"
version = "1.0.23"
source = "registry+https://github.com/rust-lang/crates.io-index"
checksum = "8856d8364d252a14d474036ea1358d63c9e6965c8e5c1885c18f73d70bff9c7b"
dependencies = [
 "proc-macro2",
]

[[package]]
name = "rand"
version = "0.7.3"
source = "registry+https://github.com/rust-lang/crates.io-index"
checksum = "6a6b1679d49b24bbfe0c803429aa1874472f50d9b363131f0e89fc356b544d03"
dependencies = [
 "getrandom 0.1.16",
 "libc",
 "rand_chacha 0.2.2",
 "rand_core 0.5.1",
 "rand_hc",
 "rand_pcg",
]

[[package]]
name = "rand"
version = "0.8.5"
source = "registry+https://github.com/rust-lang/crates.io-index"
checksum = "34af8d1a0e25924bc5b7c43c079c942339d8f0a8b57c39049bef581b46327404"
dependencies = [
 "libc",
 "rand_chacha 0.3.1",
 "rand_core 0.6.4",
]

[[package]]
name = "rand_chacha"
version = "0.2.2"
source = "registry+https://github.com/rust-lang/crates.io-index"
checksum = "f4c8ed856279c9737206bf725bf36935d8666ead7aa69b52be55af369d193402"
dependencies = [
 "ppv-lite86",
 "rand_core 0.5.1",
]

[[package]]
name = "rand_chacha"
version = "0.3.1"
source = "registry+https://github.com/rust-lang/crates.io-index"
checksum = "e6c10a63a0fa32252be49d21e7709d4d4baf8d231c2dbce1eaa8141b9b127d88"
dependencies = [
 "ppv-lite86",
 "rand_core 0.6.4",
]

[[package]]
name = "rand_core"
version = "0.5.1"
source = "registry+https://github.com/rust-lang/crates.io-index"
checksum = "90bde5296fc891b0cef12a6d03ddccc162ce7b2aff54160af9338f8d40df6d19"
dependencies = [
 "getrandom 0.1.16",
]

[[package]]
name = "rand_core"
version = "0.6.4"
source = "registry+https://github.com/rust-lang/crates.io-index"
checksum = "ec0be4795e2f6a28069bec0b5ff3e2ac9bafc99e6a9a7dc3547996c5c816922c"
dependencies = [
 "getrandom 0.2.8",
]

[[package]]
name = "rand_hc"
version = "0.2.0"
source = "registry+https://github.com/rust-lang/crates.io-index"
checksum = "ca3129af7b92a17112d59ad498c6f81eaf463253766b90396d39ea7a39d6613c"
dependencies = [
 "rand_core 0.5.1",
]

[[package]]
name = "rand_pcg"
version = "0.2.1"
source = "registry+https://github.com/rust-lang/crates.io-index"
checksum = "16abd0c1b639e9eb4d7c50c0b8100b0d0f849be2349829c740fe8e6eb4816429"
dependencies = [
 "rand_core 0.5.1",
]

[[package]]
name = "redox_syscall"
version = "0.2.16"
source = "registry+https://github.com/rust-lang/crates.io-index"
checksum = "fb5a58c1855b4b6819d59012155603f0b22ad30cad752600aadfcb695265519a"
dependencies = [
 "bitflags",
]

[[package]]
name = "regex"
version = "0.2.11"
source = "registry+https://github.com/rust-lang/crates.io-index"
checksum = "9329abc99e39129fcceabd24cf5d85b4671ef7c29c50e972bc5afe32438ec384"
dependencies = [
 "aho-corasick 0.6.10",
 "memchr 2.5.0",
 "regex-syntax 0.5.6",
 "thread_local",
 "utf8-ranges",
]

[[package]]
name = "regex"
version = "1.7.1"
source = "registry+https://github.com/rust-lang/crates.io-index"
checksum = "48aaa5748ba571fb95cd2c85c09f629215d3a6ece942baa100950af03a34f733"
dependencies = [
 "aho-corasick 0.7.20",
 "memchr 2.5.0",
 "regex-syntax 0.6.28",
]

[[package]]
name = "regex-syntax"
version = "0.5.6"
source = "registry+https://github.com/rust-lang/crates.io-index"
checksum = "7d707a4fa2637f2dca2ef9fd02225ec7661fe01a53623c1e6515b6916511f7a7"
dependencies = [
 "ucd-util",
]

[[package]]
name = "regex-syntax"
version = "0.6.28"
source = "registry+https://github.com/rust-lang/crates.io-index"
checksum = "456c603be3e8d448b072f410900c09faf164fbce2d480456f50eea6e25f9c848"

[[package]]
name = "rustc-demangle"
version = "0.1.21"
source = "registry+https://github.com/rust-lang/crates.io-index"
checksum = "7ef03e0a2b150c7a90d01faf6254c9c48a41e95fb2a8c2ac1c6f0d2b9aefc342"

[[package]]
name = "rustc_version"
version = "0.4.0"
source = "registry+https://github.com/rust-lang/crates.io-index"
checksum = "bfa0f585226d2e68097d4f95d113b15b83a82e819ab25717ec0590d9584ef366"
dependencies = [
 "semver",
]

[[package]]
name = "ryu"
version = "1.0.12"
source = "registry+https://github.com/rust-lang/crates.io-index"
checksum = "7b4b9743ed687d4b4bcedf9ff5eaa7398495ae14e61cba0a295704edbc7decde"

[[package]]
name = "same-file"
version = "1.0.6"
source = "registry+https://github.com/rust-lang/crates.io-index"
checksum = "93fc1dc3aaa9bfed95e02e6eadabb4baf7e3078b0bd1b4d7b6b0b68378900502"
dependencies = [
 "winapi-util",
]

[[package]]
name = "scopeguard"
version = "1.1.0"
source = "registry+https://github.com/rust-lang/crates.io-index"
checksum = "d29ab0c6d3fc0ee92fe66e2d99f700eab17a8d57d1c1d3b748380fb20baa78cd"

[[package]]
name = "scroll"
version = "0.10.2"
source = "registry+https://github.com/rust-lang/crates.io-index"
checksum = "fda28d4b4830b807a8b43f7b0e6b5df875311b3e7621d84577188c175b6ec1ec"
dependencies = [
 "scroll_derive",
]

[[package]]
name = "scroll_derive"
version = "0.10.5"
source = "registry+https://github.com/rust-lang/crates.io-index"
checksum = "aaaae8f38bb311444cfb7f1979af0bc9240d95795f75f9ceddf6a59b79ceffa0"
dependencies = [
 "proc-macro2",
 "quote 1.0.23",
 "syn 1.0.107",
]

[[package]]
name = "secp256k1"
version = "0.24.3"
source = "registry+https://github.com/rust-lang/crates.io-index"
checksum = "6b1629c9c557ef9b293568b338dddfc8208c98a18c59d722a9d53f859d9c9b62"
dependencies = [
 "secp256k1-sys",
]

[[package]]
name = "secp256k1-sys"
version = "0.6.1"
source = "registry+https://github.com/rust-lang/crates.io-index"
checksum = "83080e2c2fc1006e625be82e5d1eb6a43b7fd9578b617fcc55814daf286bba4b"
dependencies = [
 "cc",
]

[[package]]
name = "semver"
version = "1.0.16"
source = "registry+https://github.com/rust-lang/crates.io-index"
checksum = "58bc9567378fc7690d6b2addae4e60ac2eeea07becb2c64b9f218b53865cba2a"

[[package]]
name = "serde"
version = "1.0.152"
source = "registry+https://github.com/rust-lang/crates.io-index"
checksum = "bb7d1f0d3021d347a83e556fc4683dea2ea09d87bccdf88ff5c12545d89d5efb"
dependencies = [
 "serde_derive",
]

[[package]]
name = "serde_derive"
version = "1.0.152"
source = "registry+https://github.com/rust-lang/crates.io-index"
checksum = "af487d118eecd09402d70a5d72551860e788df87b464af30e5ea6a38c75c541e"
dependencies = [
 "proc-macro2",
 "quote 1.0.23",
 "syn 1.0.107",
]

[[package]]
name = "serde_json"
version = "1.0.93"
source = "registry+https://github.com/rust-lang/crates.io-index"
checksum = "cad406b69c91885b5107daf2c29572f6c8cdb3c66826821e286c533490c0bc76"
dependencies = [
 "itoa",
 "ryu",
 "serde",
]

[[package]]
name = "serde_plain"
version = "1.0.1"
source = "registry+https://github.com/rust-lang/crates.io-index"
checksum = "d6018081315db179d0ce57b1fe4b62a12a0028c9cf9bbef868c9cf477b3c34ae"
dependencies = [
 "serde",
]

[[package]]
name = "siphasher"
version = "0.3.10"
source = "registry+https://github.com/rust-lang/crates.io-index"
checksum = "7bd3e3206899af3f8b12af284fafc038cc1dc2b41d1b89dd17297221c5d225de"

[[package]]
name = "smallvec"
version = "1.10.0"
source = "registry+https://github.com/rust-lang/crates.io-index"
checksum = "a507befe795404456341dfab10cef66ead4c041f62b8b11bbb92bffe5d0953e0"

[[package]]
name = "stable_deref_trait"
version = "1.2.0"
source = "registry+https://github.com/rust-lang/crates.io-index"
checksum = "a8f112729512f8e442d81f95a8a7ddf2b7c6b8a1a6f509a95864142b30cab2d3"

[[package]]
name = "static_assertions"
version = "1.1.0"
source = "registry+https://github.com/rust-lang/crates.io-index"
checksum = "a2eb9349b6444b326872e140eb1cf5e7c522154d69e7a0ffb0fb81c06b37543f"

[[package]]
name = "strsim"
version = "0.8.0"
source = "registry+https://github.com/rust-lang/crates.io-index"
checksum = "8ea5119cdb4c55b55d432abb513a0429384878c15dde60cc77b1c99de1a95a6a"

[[package]]
name = "strum"
version = "0.8.0"
source = "registry+https://github.com/rust-lang/crates.io-index"
checksum = "4ca6e4730f517e041e547ffe23d29daab8de6b73af4b6ae2a002108169f5e7da"

[[package]]
name = "strum_macros"
version = "0.8.0"
source = "registry+https://github.com/rust-lang/crates.io-index"
checksum = "3384590878eb0cab3b128e844412e2d010821e7e091211b9d87324173ada7db8"
dependencies = [
 "quote 0.3.15",
 "syn 0.11.11",
]

[[package]]
name = "syn"
version = "0.11.11"
source = "registry+https://github.com/rust-lang/crates.io-index"
checksum = "d3b891b9015c88c576343b9b3e41c2c11a51c219ef067b264bd9c8aa9b441dad"
dependencies = [
 "quote 0.3.15",
 "synom",
 "unicode-xid",
]

[[package]]
name = "syn"
version = "1.0.107"
source = "registry+https://github.com/rust-lang/crates.io-index"
checksum = "1f4064b5b16e03ae50984a5a8ed5d4f8803e6bc1fd170a3cda91a1be4b18e3f5"
dependencies = [
 "proc-macro2",
 "quote 1.0.23",
 "unicode-ident",
]

[[package]]
name = "synom"
version = "0.11.3"
source = "registry+https://github.com/rust-lang/crates.io-index"
checksum = "a393066ed9010ebaed60b9eafa373d4b1baac186dd7e008555b0f702b51945b6"
dependencies = [
 "unicode-xid",
]

[[package]]
name = "textwrap"
version = "0.11.0"
source = "registry+https://github.com/rust-lang/crates.io-index"
checksum = "d326610f408c7a4eb6f51c37c330e496b08506c9457c9d34287ecc38809fb060"
dependencies = [
 "unicode-width",
]

[[package]]
name = "thiserror"
version = "1.0.38"
source = "registry+https://github.com/rust-lang/crates.io-index"
checksum = "6a9cd18aa97d5c45c6603caea1da6628790b37f7a34b6ca89522331c5180fed0"
dependencies = [
 "thiserror-impl",
]

[[package]]
name = "thiserror-impl"
version = "1.0.38"
source = "registry+https://github.com/rust-lang/crates.io-index"
checksum = "1fb327af4685e4d03fa8cbcf1716380da910eeb2bb8be417e7f9fd3fb164f36f"
dependencies = [
 "proc-macro2",
 "quote 1.0.23",
 "syn 1.0.107",
]

[[package]]
name = "thread_local"
version = "0.3.6"
source = "registry+https://github.com/rust-lang/crates.io-index"
checksum = "c6b53e329000edc2b34dbe8545fd20e55a333362d0a321909685a19bd28c3f1b"
dependencies = [
 "lazy_static",
]

[[package]]
name = "toml"
version = "0.5.11"
source = "registry+https://github.com/rust-lang/crates.io-index"
checksum = "f4f7f0dd8d50a853a531c426359045b1998f04219d88799810762cd4ad314234"
dependencies = [
 "serde",
]

[[package]]
name = "ucd-util"
version = "0.1.10"
source = "registry+https://github.com/rust-lang/crates.io-index"
checksum = "abd2fc5d32b590614af8b0a20d837f32eca055edd0bbead59a9cfe80858be003"

[[package]]
name = "unicode-ident"
version = "1.0.6"
source = "registry+https://github.com/rust-lang/crates.io-index"
checksum = "84a22b9f218b40614adcb3f4ff08b703773ad44fa9423e4e0d346d5db86e4ebc"

[[package]]
name = "unicode-width"
version = "0.1.10"
source = "registry+https://github.com/rust-lang/crates.io-index"
checksum = "c0edd1e5b14653f783770bce4a4dabb4a5108a5370a5f5d8cfe8710c361f6c8b"

[[package]]
name = "unicode-xid"
version = "0.0.4"
source = "registry+https://github.com/rust-lang/crates.io-index"
checksum = "8c1f860d7d29cf02cb2f3f359fd35991af3d30bac52c57d265a3c461074cb4dc"

[[package]]
name = "utf8-ranges"
version = "1.0.5"
source = "registry+https://github.com/rust-lang/crates.io-index"
checksum = "7fcfc827f90e53a02eaef5e535ee14266c1d569214c6aa70133a624d8a3164ba"

[[package]]
name = "vec_map"
version = "0.8.2"
source = "registry+https://github.com/rust-lang/crates.io-index"
checksum = "f1bddf1187be692e79c5ffeab891132dfb0f236ed36a43c7ed39f1165ee20191"

[[package]]
name = "walkdir"
version = "2.3.2"
source = "registry+https://github.com/rust-lang/crates.io-index"
checksum = "808cf2735cd4b6866113f648b791c6adc5714537bc222d9347bb203386ffda56"
dependencies = [
 "same-file",
 "winapi",
 "winapi-util",
]

[[package]]
name = "wasi"
version = "0.9.0+wasi-snapshot-preview1"
source = "registry+https://github.com/rust-lang/crates.io-index"
checksum = "cccddf32554fecc6acb585f82a32a72e28b48f8c4c1883ddfeeeaa96f7d8e519"

[[package]]
name = "wasi"
version = "0.11.0+wasi-snapshot-preview1"
source = "registry+https://github.com/rust-lang/crates.io-index"
checksum = "9c8d87e72b64a3b4db28d11ce29237c246188f4f51057d65a7eab63b7987e423"

[[package]]
name = "wasm-bindgen"
version = "0.2.84"
source = "registry+https://github.com/rust-lang/crates.io-index"
checksum = "31f8dcbc21f30d9b8f2ea926ecb58f6b91192c17e9d33594b3df58b2007ca53b"
dependencies = [
 "cfg-if",
 "wasm-bindgen-macro",
]

[[package]]
name = "wasm-bindgen-backend"
version = "0.2.84"
source = "registry+https://github.com/rust-lang/crates.io-index"
checksum = "95ce90fd5bcc06af55a641a86428ee4229e44e07033963a2290a8e241607ccb9"
dependencies = [
 "bumpalo",
 "log 0.4.17",
 "once_cell",
 "proc-macro2",
 "quote 1.0.23",
 "syn 1.0.107",
 "wasm-bindgen-shared",
]

[[package]]
name = "wasm-bindgen-macro"
version = "0.2.84"
source = "registry+https://github.com/rust-lang/crates.io-index"
checksum = "4c21f77c0bedc37fd5dc21f897894a5ca01e7bb159884559461862ae90c0b4c5"
dependencies = [
 "quote 1.0.23",
 "wasm-bindgen-macro-support",
]

[[package]]
name = "wasm-bindgen-macro-support"
version = "0.2.84"
source = "registry+https://github.com/rust-lang/crates.io-index"
checksum = "2aff81306fcac3c7515ad4e177f521b5c9a15f2b08f4e32d823066102f35a5f6"
dependencies = [
 "proc-macro2",
 "quote 1.0.23",
 "syn 1.0.107",
 "wasm-bindgen-backend",
 "wasm-bindgen-shared",
]

[[package]]
name = "wasm-bindgen-shared"
version = "0.2.84"
source = "registry+https://github.com/rust-lang/crates.io-index"
checksum = "0046fef7e28c3804e5e38bfa31ea2a0f73905319b677e57ebe37e49358989b5d"

[[package]]
name = "wasmparser"
version = "0.57.0"
source = "registry+https://github.com/rust-lang/crates.io-index"
checksum = "32fddd575d477c6e9702484139cf9f23dcd554b06d185ed0f56c857dd3a47aa6"

[[package]]
name = "winapi"
version = "0.3.9"
source = "registry+https://github.com/rust-lang/crates.io-index"
checksum = "5c839a674fcd7a98952e593242ea400abe93992746761e38641405d28b00f419"
dependencies = [
 "winapi-i686-pc-windows-gnu",
 "winapi-x86_64-pc-windows-gnu",
]

[[package]]
name = "winapi-i686-pc-windows-gnu"
version = "0.4.0"
source = "registry+https://github.com/rust-lang/crates.io-index"
checksum = "ac3b87c63620426dd9b991e5ce0329eff545bccbbb34f3be09ff6fb6ab51b7b6"

[[package]]
name = "winapi-util"
version = "0.1.5"
source = "registry+https://github.com/rust-lang/crates.io-index"
checksum = "70ec6ce85bb158151cae5e5c87f95a8e97d2c0c4b001223f33a334e3ce5de178"
dependencies = [
 "winapi",
]

[[package]]
name = "winapi-x86_64-pc-windows-gnu"
version = "0.4.0"
source = "registry+https://github.com/rust-lang/crates.io-index"
checksum = "712e227841d057c1ee1cd2fb22fa7e5a5461ae8e48fa2ca79ec42cfc1931183f"

[[package]]
name = "windows-sys"
version = "0.45.0"
source = "registry+https://github.com/rust-lang/crates.io-index"
checksum = "75283be5efb2831d37ea142365f009c02ec203cd29a3ebecbc093d52315b66d0"
dependencies = [
 "windows-targets",
]

[[package]]
name = "windows-targets"
version = "0.42.1"
source = "registry+https://github.com/rust-lang/crates.io-index"
checksum = "8e2522491fbfcd58cc84d47aeb2958948c4b8982e9a2d8a2a35bbaed431390e7"
dependencies = [
 "windows_aarch64_gnullvm",
 "windows_aarch64_msvc",
 "windows_i686_gnu",
 "windows_i686_msvc",
 "windows_x86_64_gnu",
 "windows_x86_64_gnullvm",
 "windows_x86_64_msvc",
]

[[package]]
name = "windows_aarch64_gnullvm"
version = "0.42.1"
source = "registry+https://github.com/rust-lang/crates.io-index"
checksum = "8c9864e83243fdec7fc9c5444389dcbbfd258f745e7853198f365e3c4968a608"

[[package]]
name = "windows_aarch64_msvc"
version = "0.42.1"
source = "registry+https://github.com/rust-lang/crates.io-index"
checksum = "4c8b1b673ffc16c47a9ff48570a9d85e25d265735c503681332589af6253c6c7"

[[package]]
name = "windows_i686_gnu"
version = "0.42.1"
source = "registry+https://github.com/rust-lang/crates.io-index"
checksum = "de3887528ad530ba7bdbb1faa8275ec7a1155a45ffa57c37993960277145d640"

[[package]]
name = "windows_i686_msvc"
version = "0.42.1"
source = "registry+https://github.com/rust-lang/crates.io-index"
checksum = "bf4d1122317eddd6ff351aa852118a2418ad4214e6613a50e0191f7004372605"

[[package]]
name = "windows_x86_64_gnu"
version = "0.42.1"
source = "registry+https://github.com/rust-lang/crates.io-index"
checksum = "c1040f221285e17ebccbc2591ffdc2d44ee1f9186324dd3e84e99ac68d699c45"

[[package]]
name = "windows_x86_64_gnullvm"
version = "0.42.1"
source = "registry+https://github.com/rust-lang/crates.io-index"
checksum = "628bfdf232daa22b0d64fdb62b09fcc36bb01f05a3939e20ab73aaf9470d0463"

[[package]]
name = "windows_x86_64_msvc"
version = "0.42.1"
source = "registry+https://github.com/rust-lang/crates.io-index"
checksum = "447660ad36a13288b1db4d4248e857b510e8c3a225c822ba4fb748c0aafecffd"
